// !$*UTF8*$!
{
	archiveVersion = 1;
	classes = {
	};
	objectVersion = 46;
	objects = {

/* Begin PBXBuildFile section */
		00022A6D1A0AE5630035FADC /* main.m in Sources */ = {isa = PBXBuildFile; fileRef = 00022A6C1A0AE5630035FADC /* main.m */; };
		00022A701A0AE5630035FADC /* AppDelegate.m in Sources */ = {isa = PBXBuildFile; fileRef = 00022A6F1A0AE5630035FADC /* AppDelegate.m */; };
		00022A731A0AE5630035FADC /* ThousandWords.xcdatamodeld in Sources */ = {isa = PBXBuildFile; fileRef = 00022A711A0AE5630035FADC /* ThousandWords.xcdatamodeld */; };
		00022A791A0AE5630035FADC /* Main.storyboard in Resources */ = {isa = PBXBuildFile; fileRef = 00022A771A0AE5630035FADC /* Main.storyboard */; };
		00022A7B1A0AE5630035FADC /* Images.xcassets in Resources */ = {isa = PBXBuildFile; fileRef = 00022A7A1A0AE5630035FADC /* Images.xcassets */; };
		00022A7E1A0AE5630035FADC /* LaunchScreen.xib in Resources */ = {isa = PBXBuildFile; fileRef = 00022A7C1A0AE5630035FADC /* LaunchScreen.xib */; };
		00022A8A1A0AE5630035FADC /* ThousandWordsTests.m in Sources */ = {isa = PBXBuildFile; fileRef = 00022A891A0AE5630035FADC /* ThousandWordsTests.m */; };
		00022A951A0AE7D00035FADC /* AlbumTableViewController.m in Sources */ = {isa = PBXBuildFile; fileRef = 00022A941A0AE7D00035FADC /* AlbumTableViewController.m */; };
		00022A991A0AF1ED0035FADC /* Album.m in Sources */ = {isa = PBXBuildFile; fileRef = 00022A981A0AF1ED0035FADC /* Album.m */; };
		00882F901A0D8E9200AD725B /* CoreDataHelper.m in Sources */ = {isa = PBXBuildFile; fileRef = 00882F8F1A0D8E9200AD725B /* CoreDataHelper.m */; };
		009E1A3B1A11D6C600345353 /* PhotosCollectionViewController.m in Sources */ = {isa = PBXBuildFile; fileRef = 009E1A3A1A11D6C600345353 /* PhotosCollectionViewController.m */; };
		009E1A3F1A12ED7F00345353 /* PhotoCollectionViewCell.m in Sources */ = {isa = PBXBuildFile; fileRef = 009E1A3E1A12ED7F00345353 /* PhotoCollectionViewCell.m */; };
		009E1A411A12F0D600345353 /* Astronaut.jpg in Resources */ = {isa = PBXBuildFile; fileRef = 009E1A401A12F0D600345353 /* Astronaut.jpg */; };
/* End PBXBuildFile section */

/* Begin PBXContainerItemProxy section */
		00022A841A0AE5630035FADC /* PBXContainerItemProxy */ = {
			isa = PBXContainerItemProxy;
			containerPortal = 00022A5F1A0AE5620035FADC /* Project object */;
			proxyType = 1;
			remoteGlobalIDString = 00022A661A0AE5630035FADC;
			remoteInfo = ThousandWords;
		};
/* End PBXContainerItemProxy section */

/* Begin PBXFileReference section */
		00022A671A0AE5630035FADC /* ThousandWords.app */ = {isa = PBXFileReference; explicitFileType = wrapper.application; includeInIndex = 0; path = ThousandWords.app; sourceTree = BUILT_PRODUCTS_DIR; };
		00022A6B1A0AE5630035FADC /* Info.plist */ = {isa = PBXFileReference; lastKnownFileType = text.plist.xml; path = Info.plist; sourceTree = "<group>"; };
		00022A6C1A0AE5630035FADC /* main.m */ = {isa = PBXFileReference; lastKnownFileType = sourcecode.c.objc; path = main.m; sourceTree = "<group>"; };
		00022A6E1A0AE5630035FADC /* AppDelegate.h */ = {isa = PBXFileReference; lastKnownFileType = sourcecode.c.h; path = AppDelegate.h; sourceTree = "<group>"; };
		00022A6F1A0AE5630035FADC /* AppDelegate.m */ = {isa = PBXFileReference; lastKnownFileType = sourcecode.c.objc; path = AppDelegate.m; sourceTree = "<group>"; };
		00022A721A0AE5630035FADC /* ThousandWords.xcdatamodel */ = {isa = PBXFileReference; lastKnownFileType = wrapper.xcdatamodel; path = ThousandWords.xcdatamodel; sourceTree = "<group>"; };
		00022A781A0AE5630035FADC /* Base */ = {isa = PBXFileReference; lastKnownFileType = file.storyboard; name = Base; path = Base.lproj/Main.storyboard; sourceTree = "<group>"; };
		00022A7A1A0AE5630035FADC /* Images.xcassets */ = {isa = PBXFileReference; lastKnownFileType = folder.assetcatalog; path = Images.xcassets; sourceTree = "<group>"; };
		00022A7D1A0AE5630035FADC /* Base */ = {isa = PBXFileReference; lastKnownFileType = file.xib; name = Base; path = Base.lproj/LaunchScreen.xib; sourceTree = "<group>"; };
		00022A831A0AE5630035FADC /* ThousandWordsTests.xctest */ = {isa = PBXFileReference; explicitFileType = wrapper.cfbundle; includeInIndex = 0; path = ThousandWordsTests.xctest; sourceTree = BUILT_PRODUCTS_DIR; };
		00022A881A0AE5630035FADC /* Info.plist */ = {isa = PBXFileReference; lastKnownFileType = text.plist.xml; path = Info.plist; sourceTree = "<group>"; };
		00022A891A0AE5630035FADC /* ThousandWordsTests.m */ = {isa = PBXFileReference; lastKnownFileType = sourcecode.c.objc; path = ThousandWordsTests.m; sourceTree = "<group>"; };
		00022A931A0AE7D00035FADC /* AlbumTableViewController.h */ = {isa = PBXFileReference; fileEncoding = 4; lastKnownFileType = sourcecode.c.h; path = AlbumTableViewController.h; sourceTree = "<group>"; };
		00022A941A0AE7D00035FADC /* AlbumTableViewController.m */ = {isa = PBXFileReference; fileEncoding = 4; lastKnownFileType = sourcecode.c.objc; path = AlbumTableViewController.m; sourceTree = "<group>"; };
		00022A971A0AF1ED0035FADC /* Album.h */ = {isa = PBXFileReference; fileEncoding = 4; lastKnownFileType = sourcecode.c.h; path = Album.h; sourceTree = "<group>"; };
		00022A981A0AF1ED0035FADC /* Album.m */ = {isa = PBXFileReference; fileEncoding = 4; lastKnownFileType = sourcecode.c.objc; path = Album.m; sourceTree = "<group>"; };
		00882F8E1A0D8E9200AD725B /* CoreDataHelper.h */ = {isa = PBXFileReference; fileEncoding = 4; lastKnownFileType = sourcecode.c.h; path = CoreDataHelper.h; sourceTree = "<group>"; };
		00882F8F1A0D8E9200AD725B /* CoreDataHelper.m */ = {isa = PBXFileReference; fileEncoding = 4; lastKnownFileType = sourcecode.c.objc; path = CoreDataHelper.m; sourceTree = "<group>"; };
		009E1A391A11D6C600345353 /* PhotosCollectionViewController.h */ = {isa = PBXFileReference; fileEncoding = 4; lastKnownFileType = sourcecode.c.h; path = PhotosCollectionViewController.h; sourceTree = "<group>"; };
		009E1A3A1A11D6C600345353 /* PhotosCollectionViewController.m */ = {isa = PBXFileReference; fileEncoding = 4; lastKnownFileType = sourcecode.c.objc; path = PhotosCollectionViewController.m; sourceTree = "<group>"; };
		009E1A3D1A12ED7F00345353 /* PhotoCollectionViewCell.h */ = {isa = PBXFileReference; fileEncoding = 4; lastKnownFileType = sourcecode.c.h; name = PhotoCollectionViewCell.h; path = ../PhotoCollectionViewCell.h; sourceTree = "<group>"; };
		009E1A3E1A12ED7F00345353 /* PhotoCollectionViewCell.m */ = {isa = PBXFileReference; fileEncoding = 4; lastKnownFileType = sourcecode.c.objc; name = PhotoCollectionViewCell.m; path = ../PhotoCollectionViewCell.m; sourceTree = "<group>"; };
		009E1A401A12F0D600345353 /* Astronaut.jpg */ = {isa = PBXFileReference; lastKnownFileType = image.jpeg; name = Astronaut.jpg; path = ../../../../Downloads/Astronaut.jpg; sourceTree = "<group>"; };
/* End PBXFileReference section */

/* Begin PBXFrameworksBuildPhase section */
		00022A641A0AE5630035FADC /* Frameworks */ = {
			isa = PBXFrameworksBuildPhase;
			buildActionMask = 2147483647;
			files = (
			);
			runOnlyForDeploymentPostprocessing = 0;
		};
		00022A801A0AE5630035FADC /* Frameworks */ = {
			isa = PBXFrameworksBuildPhase;
			buildActionMask = 2147483647;
			files = (
			);
			runOnlyForDeploymentPostprocessing = 0;
		};
/* End PBXFrameworksBuildPhase section */

/* Begin PBXGroup section */
		00022A5E1A0AE5620035FADC = {
			isa = PBXGroup;
			children = (
				00022A691A0AE5630035FADC /* ThousandWords */,
				00022A861A0AE5630035FADC /* ThousandWordsTests */,
				00022A681A0AE5630035FADC /* Products */,
			);
			sourceTree = "<group>";
		};
		00022A681A0AE5630035FADC /* Products */ = {
			isa = PBXGroup;
			children = (
				00022A671A0AE5630035FADC /* ThousandWords.app */,
				00022A831A0AE5630035FADC /* ThousandWordsTests.xctest */,
			);
			name = Products;
			sourceTree = "<group>";
		};
		00022A691A0AE5630035FADC /* ThousandWords */ = {
			isa = PBXGroup;
			children = (
				00022A771A0AE5630035FADC /* Main.storyboard */,
				009E1A3C1A11D6CC00345353 /* Photo Collection View */,
				00022A961A0AED480035FADC /* AlbumVC */,
				00022A7A1A0AE5630035FADC /* Images.xcassets */,
				00022A7C1A0AE5630035FADC /* LaunchScreen.xib */,
				00022A711A0AE5630035FADC /* ThousandWords.xcdatamodeld */,
				00022A971A0AF1ED0035FADC /* Album.h */,
				00022A981A0AF1ED0035FADC /* Album.m */,
				00022A6A1A0AE5630035FADC /* Supporting Files */,
			);
			path = ThousandWords;
			sourceTree = "<group>";
		};
		00022A6A1A0AE5630035FADC /* Supporting Files */ = {
			isa = PBXGroup;
			children = (
				009E1A401A12F0D600345353 /* Astronaut.jpg */,
				00882F8E1A0D8E9200AD725B /* CoreDataHelper.h */,
				00882F8F1A0D8E9200AD725B /* CoreDataHelper.m */,
				00022A6E1A0AE5630035FADC /* AppDelegate.h */,
				00022A6F1A0AE5630035FADC /* AppDelegate.m */,
				00022A6B1A0AE5630035FADC /* Info.plist */,
				00022A6C1A0AE5630035FADC /* main.m */,
			);
			name = "Supporting Files";
			sourceTree = "<group>";
		};
		00022A861A0AE5630035FADC /* ThousandWordsTests */ = {
			isa = PBXGroup;
			children = (
				00022A891A0AE5630035FADC /* ThousandWordsTests.m */,
				00022A871A0AE5630035FADC /* Supporting Files */,
			);
			path = ThousandWordsTests;
			sourceTree = "<group>";
		};
		00022A871A0AE5630035FADC /* Supporting Files */ = {
			isa = PBXGroup;
			children = (
				00022A881A0AE5630035FADC /* Info.plist */,
			);
			name = "Supporting Files";
			sourceTree = "<group>";
		};
		00022A961A0AED480035FADC /* AlbumVC */ = {
			isa = PBXGroup;
			children = (
				00022A931A0AE7D00035FADC /* AlbumTableViewController.h */,
				00022A941A0AE7D00035FADC /* AlbumTableViewController.m */,
			);
			name = AlbumVC;
			sourceTree = "<group>";
		};
		009E1A3C1A11D6CC00345353 /* Photo Collection View */ = {
			isa = PBXGroup;
			children = (
				009E1A391A11D6C600345353 /* PhotosCollectionViewController.h */,
				009E1A3A1A11D6C600345353 /* PhotosCollectionViewController.m */,
				009E1A3D1A12ED7F00345353 /* PhotoCollectionViewCell.h */,
				009E1A3E1A12ED7F00345353 /* PhotoCollectionViewCell.m */,
			);
			name = "Photo Collection View";
			sourceTree = "<group>";
		};
/* End PBXGroup section */

/* Begin PBXNativeTarget section */
		00022A661A0AE5630035FADC /* ThousandWords */ = {
			isa = PBXNativeTarget;
			buildConfigurationList = 00022A8D1A0AE5630035FADC /* Build configuration list for PBXNativeTarget "ThousandWords" */;
			buildPhases = (
				00022A631A0AE5630035FADC /* Sources */,
				00022A641A0AE5630035FADC /* Frameworks */,
				00022A651A0AE5630035FADC /* Resources */,
			);
			buildRules = (
			);
			dependencies = (
			);
			name = ThousandWords;
			productName = ThousandWords;
			productReference = 00022A671A0AE5630035FADC /* ThousandWords.app */;
			productType = "com.apple.product-type.application";
		};
		00022A821A0AE5630035FADC /* ThousandWordsTests */ = {
			isa = PBXNativeTarget;
			buildConfigurationList = 00022A901A0AE5630035FADC /* Build configuration list for PBXNativeTarget "ThousandWordsTests" */;
			buildPhases = (
				00022A7F1A0AE5630035FADC /* Sources */,
				00022A801A0AE5630035FADC /* Frameworks */,
				00022A811A0AE5630035FADC /* Resources */,
			);
			buildRules = (
			);
			dependencies = (
				00022A851A0AE5630035FADC /* PBXTargetDependency */,
			);
			name = ThousandWordsTests;
			productName = ThousandWordsTests;
			productReference = 00022A831A0AE5630035FADC /* ThousandWordsTests.xctest */;
			productType = "com.apple.product-type.bundle.unit-test";
		};
/* End PBXNativeTarget section */

/* Begin PBXProject section */
		00022A5F1A0AE5620035FADC /* Project object */ = {
			isa = PBXProject;
			attributes = {
				LastUpgradeCheck = 0600;
				ORGANIZATIONNAME = "Brian Starr";
				TargetAttributes = {
					00022A661A0AE5630035FADC = {
						CreatedOnToolsVersion = 6.0.1;
					};
					00022A821A0AE5630035FADC = {
						CreatedOnToolsVersion = 6.0.1;
						TestTargetID = 00022A661A0AE5630035FADC;
					};
				};
			};
			buildConfigurationList = 00022A621A0AE5620035FADC /* Build configuration list for PBXProject "ThousandWords" */;
			compatibilityVersion = "Xcode 3.2";
			developmentRegion = English;
			hasScannedForEncodings = 0;
			knownRegions = (
				en,
				Base,
			);
			mainGroup = 00022A5E1A0AE5620035FADC;
			productRefGroup = 00022A681A0AE5630035FADC /* Products */;
			projectDirPath = "";
			projectRoot = "";
			targets = (
				00022A661A0AE5630035FADC /* ThousandWords */,
				00022A821A0AE5630035FADC /* ThousandWordsTests */,
			);
		};
/* End PBXProject section */

/* Begin PBXResourcesBuildPhase section */
		00022A651A0AE5630035FADC /* Resources */ = {
			isa = PBXResourcesBuildPhase;
			buildActionMask = 2147483647;
			files = (
				00022A791A0AE5630035FADC /* Main.storyboard in Resources */,
				00022A7E1A0AE5630035FADC /* LaunchScreen.xib in Resources */,
				00022A7B1A0AE5630035FADC /* Images.xcassets in Resources */,
				009E1A411A12F0D600345353 /* Astronaut.jpg in Resources */,
			);
			runOnlyForDeploymentPostprocessing = 0;
		};
		00022A811A0AE5630035FADC /* Resources */ = {
			isa = PBXResourcesBuildPhase;
			buildActionMask = 2147483647;
			files = (
			);
			runOnlyForDeploymentPostprocessing = 0;
		};
/* End PBXResourcesBuildPhase section */

/* Begin PBXSourcesBuildPhase section */
		00022A631A0AE5630035FADC /* Sources */ = {
			isa = PBXSourcesBuildPhase;
			buildActionMask = 2147483647;
			files = (
				00882F901A0D8E9200AD725B /* CoreDataHelper.m in Sources */,
				00022A951A0AE7D00035FADC /* AlbumTableViewController.m in Sources */,
				00022A731A0AE5630035FADC /* ThousandWords.xcdatamodeld in Sources */,
				009E1A3B1A11D6C600345353 /* PhotosCollectionViewController.m in Sources */,
				00022A701A0AE5630035FADC /* AppDelegate.m in Sources */,
				009E1A3F1A12ED7F00345353 /* PhotoCollectionViewCell.m in Sources */,
				00022A991A0AF1ED0035FADC /* Album.m in Sources */,
				00022A6D1A0AE5630035FADC /* main.m in Sources */,
			);
			runOnlyForDeploymentPostprocessing = 0;
		};
		00022A7F1A0AE5630035FADC /* Sources */ = {
			isa = PBXSourcesBuildPhase;
			buildActionMask = 2147483647;
			files = (
				00022A8A1A0AE5630035FADC /* ThousandWordsTests.m in Sources */,
			);
			runOnlyForDeploymentPostprocessing = 0;
		};
/* End PBXSourcesBuildPhase section */

/* Begin PBXTargetDependency section */
		00022A851A0AE5630035FADC /* PBXTargetDependency */ = {
			isa = PBXTargetDependency;
			target = 00022A661A0AE5630035FADC /* ThousandWords */;
			targetProxy = 00022A841A0AE5630035FADC /* PBXContainerItemProxy */;
		};
/* End PBXTargetDependency section */

/* Begin PBXVariantGroup section */
		00022A771A0AE5630035FADC /* Main.storyboard */ = {
			isa = PBXVariantGroup;
			children = (
				00022A781A0AE5630035FADC /* Base */,
			);
			name = Main.storyboard;
			sourceTree = "<group>";
		};
		00022A7C1A0AE5630035FADC /* LaunchScreen.xib */ = {
			isa = PBXVariantGroup;
			children = (
				00022A7D1A0AE5630035FADC /* Base */,
			);
			name = LaunchScreen.xib;
			sourceTree = "<group>";
		};
/* End PBXVariantGroup section */

/* Begin XCBuildConfiguration section */
		00022A8B1A0AE5630035FADC /* Debug */ = {
			isa = XCBuildConfiguration;
			buildSettings = {
				ALWAYS_SEARCH_USER_PATHS = NO;
				CLANG_CXX_LANGUAGE_STANDARD = "gnu++0x";
				CLANG_CXX_LIBRARY = "libc++";
				CLANG_ENABLE_MODULES = YES;
				CLANG_ENABLE_OBJC_ARC = YES;
				CLANG_WARN_BOOL_CONVERSION = YES;
				CLANG_WARN_CONSTANT_CONVERSION = YES;
				CLANG_WARN_DIRECT_OBJC_ISA_USAGE = YES_ERROR;
				CLANG_WARN_EMPTY_BODY = YES;
				CLANG_WARN_ENUM_CONVERSION = YES;
				CLANG_WARN_INT_CONVERSION = YES;
				CLANG_WARN_OBJC_ROOT_CLASS = YES_ERROR;
				CLANG_WARN_UNREACHABLE_CODE = YES;
				CLANG_WARN__DUPLICATE_METHOD_MATCH = YES;
				"CODE_SIGN_IDENTITY[sdk=iphoneos*]" = "iPhone Developer";
				COPY_PHASE_STRIP = NO;
				ENABLE_STRICT_OBJC_MSGSEND = YES;
				GCC_C_LANGUAGE_STANDARD = gnu99;
				GCC_DYNAMIC_NO_PIC = NO;
				GCC_OPTIMIZATION_LEVEL = 0;
				GCC_PREPROCESSOR_DEFINITIONS = (
					"DEBUG=1",
					"$(inherited)",
				);
				GCC_SYMBOLS_PRIVATE_EXTERN = NO;
				GCC_WARN_64_TO_32_BIT_CONVERSION = YES;
				GCC_WARN_ABOUT_RETURN_TYPE = YES_ERROR;
				GCC_WARN_UNDECLARED_SELECTOR = YES;
				GCC_WARN_UNINITIALIZED_AUTOS = YES_AGGRESSIVE;
				GCC_WARN_UNUSED_FUNCTION = YES;
				GCC_WARN_UNUSED_VARIABLE = YES;
				IPHONEOS_DEPLOYMENT_TARGET = 8.0;
				MTL_ENABLE_DEBUG_INFO = YES;
				ONLY_ACTIVE_ARCH = YES;
				SDKROOT = iphoneos;
			};
			name = Debug;
		};
		00022A8C1A0AE5630035FADC /* Release */ = {
			isa = XCBuildConfiguration;
			buildSettings = {
				ALWAYS_SEARCH_USER_PATHS = NO;
				CLANG_CXX_LANGUAGE_STANDARD = "gnu++0x";
				CLANG_CXX_LIBRARY = "libc++";
				CLANG_ENABLE_MODULES = YES;
				CLANG_ENABLE_OBJC_ARC = YES;
				CLANG_WARN_BOOL_CONVERSION = YES;
				CLANG_WARN_CONSTANT_CONVERSION = YES;
				CLANG_WARN_DIRECT_OBJC_ISA_USAGE = YES_ERROR;
				CLANG_WARN_EMPTY_BODY = YES;
				CLANG_WARN_ENUM_CONVERSION = YES;
				CLANG_WARN_INT_CONVERSION = YES;
				CLANG_WARN_OBJC_ROOT_CLASS = YES_ERROR;
				CLANG_WARN_UNREACHABLE_CODE = YES;
				CLANG_WARN__DUPLICATE_METHOD_MATCH = YES;
				"CODE_SIGN_IDENTITY[sdk=iphoneos*]" = "iPhone Developer";
				COPY_PHASE_STRIP = YES;
				ENABLE_NS_ASSERTIONS = NO;
				ENABLE_STRICT_OBJC_MSGSEND = YES;
				GCC_C_LANGUAGE_STANDARD = gnu99;
				GCC_WARN_64_TO_32_BIT_CONVERSION = YES;
				GCC_WARN_ABOUT_RETURN_TYPE = YES_ERROR;
				GCC_WARN_UNDECLARED_SELECTOR = YES;
				GCC_WARN_UNINITIALIZED_AUTOS = YES_AGGRESSIVE;
				GCC_WARN_UNUSED_FUNCTION = YES;
				GCC_WARN_UNUSED_VARIABLE = YES;
				IPHONEOS_DEPLOYMENT_TARGET = 8.0;
				MTL_ENABLE_DEBUG_INFO = NO;
				SDKROOT = iphoneos;
				VALIDATE_PRODUCT = YES;
			};
			name = Release;
		};
		00022A8E1A0AE5630035FADC /* Debug */ = {
			isa = XCBuildConfiguration;
			buildSettings = {
				ASSETCATALOG_COMPILER_APPICON_NAME = AppIcon;
				INFOPLIST_FILE = ThousandWords/Info.plist;
				LD_RUNPATH_SEARCH_PATHS = "$(inherited) @executable_path/Frameworks";
				PRODUCT_NAME = "$(TARGET_NAME)";
			};
			name = Debug;
		};
		00022A8F1A0AE5630035FADC /* Release */ = {
			isa = XCBuildConfiguration;
			buildSettings = {
				ASSETCATALOG_COMPILER_APPICON_NAME = AppIcon;
				INFOPLIST_FILE = ThousandWords/Info.plist;
				LD_RUNPATH_SEARCH_PATHS = "$(inherited) @executable_path/Frameworks";
				PRODUCT_NAME = "$(TARGET_NAME)";
			};
			name = Release;
		};
		00022A911A0AE5630035FADC /* Debug */ = {
			isa = XCBuildConfiguration;
			buildSettings = {
				BUNDLE_LOADER = "$(TEST_HOST)";
				FRAMEWORK_SEARCH_PATHS = (
					"$(SDKROOT)/Developer/Library/Frameworks",
					"$(inherited)",
				);
				GCC_PREPROCESSOR_DEFINITIONS = (
					"DEBUG=1",
					"$(inherited)",
				);
				INFOPLIST_FILE = ThousandWordsTests/Info.plist;
				LD_RUNPATH_SEARCH_PATHS = "$(inherited) @executable_path/Frameworks @loader_path/Frameworks";
				PRODUCT_NAME = "$(TARGET_NAME)";
				TEST_HOST = "$(BUILT_PRODUCTS_DIR)/ThousandWords.app/ThousandWords";
			};
			name = Debug;
		};
		00022A921A0AE5630035FADC /* Release */ = {
			isa = XCBuildConfiguration;
			buildSettings = {
				BUNDLE_LOADER = "$(TEST_HOST)";
				FRAMEWORK_SEARCH_PATHS = (
					"$(SDKROOT)/Developer/Library/Frameworks",
					"$(inherited)",
				);
				INFOPLIST_FILE = ThousandWordsTests/Info.plist;
				LD_RUNPATH_SEARCH_PATHS = "$(inherited) @executable_path/Frameworks @loader_path/Frameworks";
				PRODUCT_NAME = "$(TARGET_NAME)";
				TEST_HOST = "$(BUILT_PRODUCTS_DIR)/ThousandWords.app/ThousandWords";
			};
			name = Release;
		};
/* End XCBuildConfiguration section */

/* Begin XCConfigurationList section */
		00022A621A0AE5620035FADC /* Build configuration list for PBXProject "ThousandWords" */ = {
			isa = XCConfigurationList;
			buildConfigurations = (
				00022A8B1A0AE5630035FADC /* Debug */,
				00022A8C1A0AE5630035FADC /* Release */,
			);
			defaultConfigurationIsVisible = 0;
			defaultConfigurationName = Release;
		};
		00022A8D1A0AE5630035FADC /* Build configuration list for PBXNativeTarget "ThousandWords" */ = {
			isa = XCConfigurationList;
			buildConfigurations = (
				00022A8E1A0AE5630035FADC /* Debug */,
				00022A8F1A0AE5630035FADC /* Release */,
			);
			defaultConfigurationIsVisible = 0;
			defaultConfigurationName = Release;
		};
		00022A901A0AE5630035FADC /* Build configuration list for PBXNativeTarget "ThousandWordsTests" */ = {
			isa = XCConfigurationList;
			buildConfigurations = (
				00022A911A0AE5630035FADC /* Debug */,
				00022A921A0AE5630035FADC /* Release */,
			);
			defaultConfigurationIsVisible = 0;
			defaultConfigurationName = Release;
		};
/* End XCConfigurationList section */

/* Begin XCVersionGroup section */
		00022A711A0AE5630035FADC /* ThousandWords.xcdatamodeld */ = {
			isa = XCVersionGroup;
			children = (
				00022A721A0AE5630035FADC /* ThousandWords.xcdatamodel */,
			);
			currentVersion = 00022A721A0AE5630035FADC /* ThousandWords.xcdatamodel */;
			path = ThousandWords.xcdatamodeld;
			sourceTree = "<group>";
			versionGroupType = wrapper.xcdatamodel;
		};
/* End XCVersionGroup section */
	};
	rootObject = 00022A5F1A0AE5620035FADC /* Project object */;
}
